
Microsoft Visual Studio Solution File, Format Version 12.00
# Visual Studio 15
VisualStudioVersion = 15.0.28307.645
MinimumVisualStudioVersion = 10.0.40219.1
Project("{FAE04EC0-301F-11D3-BF4B-00C04F79EFBC}") = "Empleado", "Empleado\Empleado.csproj", "{2A74C7C8-C08F-4BC0-AFF7-A569C31DD6D4}"
EndProject
Global
	GlobalSection(SolutionConfigurationPlatforms) = preSolution
		Debug|Any CPU = Debug|Any CPU
		Release|Any CPU = Release|Any CPU
	EndGlobalSection
	GlobalSection(ProjectConfigurationPlatforms) = postSolution
		{2A74C7C8-C08F-4BC0-AFF7-A569C31DD6D4}.Debug|Any CPU.ActiveCfg = Debug|Any CPU
		{2A74C7C8-C08F-4BC0-AFF7-A569C31DD6D4}.Debug|Any CPU.Build.0 = Debug|Any CPU
		{2A74C7C8-C08F-4BC0-AFF7-A569C31DD6D4}.Release|Any CPU.ActiveCfg = Release|Any CPU
		{2A74C7C8-C08F-4BC0-AFF7-A569C31DD6D4}.Release|Any CPU.Build.0 = Release|Any CPU
	EndGlobalSection
	GlobalSection(SolutionProperties) = preSolution
		HideSolutionNode = FALSE
	EndGlobalSection
	GlobalSection(ExtensibilityGlobals) = postSolution
		SolutionGuid = {0FEE7704-8303-49FC-984B-07B33A6DC510}
	EndGlobalSection
EndGlobal
